# This file is automatically @generated by Cargo.
# It is not intended for manual editing.
[[package]]
name = "streaming-iterator"
version = "0.1.5"
source = "registry+https://github.com/rust-lang/crates.io-index"
checksum = "303235c177994a476226b80d076bd333b7b560fb05bd242a10609d11b07f81f5"

[[package]]
name = "tsrust"
version = "0.1.0"
dependencies = [
 "streaming-iterator",
]
